// !$*UTF8*$!
{
	archiveVersion = 1;
	classes = {
	};
	objectVersion = 56;
	objects = {

/* Begin PBXFileReference section */
		A37DFBBD291444E000517894 /* pealeht.html */ = {isa = PBXFileReference; lastKnownFileType = text.html; path = pealeht.html; sourceTree = "<group>"; };
		A3BDB30D2923EA3900FB5D43 /* lehestiil.css */ = {isa = PBXFileReference; lastKnownFileType = text.css; path = lehestiil.css; sourceTree = "<group>"; };
		A3BDB30F2923EB7900FB5D43 /* alamleht_1.html */ = {isa = PBXFileReference; lastKnownFileType = text.html; path = alamleht_1.html; sourceTree = "<group>"; };
		A3BDB3102923EB8D00FB5D43 /* alameleht_1.css */ = {isa = PBXFileReference; lastKnownFileType = text.css; path = alameleht_1.css; sourceTree = "<group>"; };
/* End PBXFileReference section */

/* Begin PBXGroup section */
		A37DFBB6291444CC00517894 = {
			isa = PBXGroup;
			children = (
				A3BDB3102923EB8D00FB5D43 /* alameleht_1.css */,
				A3BDB30F2923EB7900FB5D43 /* alamleht_1.html */,
				A3BDB30D2923EA3900FB5D43 /* lehestiil.css */,
				A37DFBBD291444E000517894 /* pealeht.html */,
			);
			sourceTree = "<group>";
		};
/* End PBXGroup section */

/* Begin PBXProject section */
		A37DFBB7291444CC00517894 /* Project object */ = {
			isa = PBXProject;
			attributes = {
				BuildIndependentTargetsInParallel = 1;
				LastUpgradeCheck = 1400;
			};
			buildConfigurationList = A37DFBBA291444CC00517894 /* Build configuration list for PBXProject "rühmatöö" */;
			compatibilityVersion = "Xcode 14.0";
			developmentRegion = en;
			hasScannedForEncodings = 0;
			knownRegions = (
				en,
				Base,
			);
			mainGroup = A37DFBB6291444CC00517894;
			projectDirPath = "";
			projectRoot = "";
			targets = (
			);
		};
/* End PBXProject section */

/* Begin XCBuildConfiguration section */
		A37DFBBB291444CC00517894 /* Debug */ = {
			isa = XCBuildConfiguration;
			buildSettings = {
			};
			name = Debug;
		};
		A37DFBBC291444CC00517894 /* Release */ = {
			isa = XCBuildConfiguration;
			buildSettings = {
			};
			name = Release;
		};
/* End XCBuildConfiguration section */

/* Begin XCConfigurationList section */
		A37DFBBA291444CC00517894 /* Build configuration list for PBXProject "rühmatöö" */ = {
			isa = XCConfigurationList;
			buildConfigurations = (
				A37DFBBB291444CC00517894 /* Debug */,
				A37DFBBC291444CC00517894 /* Release */,
			);
			defaultConfigurationIsVisible = 0;
			defaultConfigurationName = Release;
		};
/* End XCConfigurationList section */
	};
	rootObject = A37DFBB7291444CC00517894 /* Project object */;
}
